
Microsoft Visual Studio Solution File, Format Version 12.00
# Visual Studio Version 17
VisualStudioVersion = 17.6.33723.286
MinimumVisualStudioVersion = 10.0.40219.1
Project("{FAE04EC0-301F-11D3-BF4B-00C04F79EFBC}") = "larsen", "larsen\larsen.csproj", "{EB0536CD-2A8E-4A94-AB6C-5ED1AD338680}"
EndProject
Global
	GlobalSection(SolutionConfigurationPlatforms) = preSolution
		Debug|Any CPU = Debug|Any CPU
		Release|Any CPU = Release|Any CPU
	EndGlobalSection
	GlobalSection(ProjectConfigurationPlatforms) = postSolution
		{EB0536CD-2A8E-4A94-AB6C-5ED1AD338680}.Debug|Any CPU.ActiveCfg = Debug|Any CPU
		{EB0536CD-2A8E-4A94-AB6C-5ED1AD338680}.Debug|Any CPU.Build.0 = Debug|Any CPU
		{EB0536CD-2A8E-4A94-AB6C-5ED1AD338680}.Release|Any CPU.ActiveCfg = Release|Any CPU
		{EB0536CD-2A8E-4A94-AB6C-5ED1AD338680}.Release|Any CPU.Build.0 = Release|Any CPU
	EndGlobalSection
	GlobalSection(SolutionProperties) = preSolution
		HideSolutionNode = FALSE
	EndGlobalSection
	GlobalSection(ExtensibilityGlobals) = postSolution
		SolutionGuid = {48E1205A-F44B-45BC-8DC1-30FBEC9FC33C}
	EndGlobalSection
EndGlobal
